Microsoft Visual Studio Solution File, Format Version 12.00
# Visual Studio Version 17
VisualStudioVersion = 17.2.32616.157
MinimumVisualStudioVersion = 10.0.40219.1
Project("{FAE04EC0-301F-11D3-BF4B-00C04F79EFBC}") = "AutoFlash", "AutoFlash.csproj", "{9E471C80-394E-4E7E-A485-62BD7F77644F}"
EndProject
Global
	GlobalSection(SolutionConfigurationPlatforms) = preSolution
		Debug|x64 = Debug|x64
		Release|x64 = Release|x64
	EndGlobalSection
	GlobalSection(ProjectConfigurationPlatforms) = postSolution
		{9E471C80-394E-4E7E-A485-62BD7F77644F}.Debug|x64.ActiveCfg = Debug|x64
		{9E471C80-394E-4E7E-A485-62BD7F77644F}.Debug|x64.Build.0 = Debug|x64
		{9E471C80-394E-4E7E-A485-62BD7F77644F}.Release|x64.ActiveCfg = Release|x64
		{9E471C80-394E-4E7E-A485-62BD7F77644F}.Release|x64.Build.0 = Release|x64
	EndGlobalSection
	GlobalSection(SolutionProperties) = preSolution
		HideSolutionNode = FALSE
	EndGlobalSection
	GlobalSection(ExtensibilityGlobals) = postSolution
		SolutionGuid = {65EB696F-0CD9-448B-960A-1A29BA9C4F9B}
	EndGlobalSection
EndGlobal
